
Microsoft Visual Studio Solution File, Format Version 12.00
# Visual Studio Version 17
VisualStudioVersion = 17.6.33712.159
MinimumVisualStudioVersion = 10.0.40219.1
Project("{FAE04EC0-301F-11D3-BF4B-00C04F79EFBC}") = "PublicLoaderDesgin", "PublicLoaderDesgin.csproj", "{468E4F57-35D8-47D7-AE99-A0EA59A02A49}"
EndProject
Global
	GlobalSection(SolutionConfigurationPlatforms) = preSolution
		Debug|Any CPU = Debug|Any CPU
		Release|Any CPU = Release|Any CPU
	EndGlobalSection
	GlobalSection(ProjectConfigurationPlatforms) = postSolution
		{468E4F57-35D8-47D7-AE99-A0EA59A02A49}.Debug|Any CPU.ActiveCfg = Debug|Any CPU
		{468E4F57-35D8-47D7-AE99-A0EA59A02A49}.Debug|Any CPU.Build.0 = Debug|Any CPU
		{468E4F57-35D8-47D7-AE99-A0EA59A02A49}.Release|Any CPU.ActiveCfg = Release|Any CPU
		{468E4F57-35D8-47D7-AE99-A0EA59A02A49}.Release|Any CPU.Build.0 = Release|Any CPU
	EndGlobalSection
	GlobalSection(SolutionProperties) = preSolution
		HideSolutionNode = FALSE
	EndGlobalSection
	GlobalSection(ExtensibilityGlobals) = postSolution
		SolutionGuid = {5AC68A71-00F3-40D9-BE90-77CA99108D97}
	EndGlobalSection
EndGlobal
